
Microsoft Visual Studio Solution File, Format Version 12.00
# Visual Studio 15
VisualStudioVersion = 15.0.28307.329
MinimumVisualStudioVersion = 10.0.40219.1
Project("{8BC9CEB8-8B4A-11D0-8D11-00A0C91BC942}") = "BSTSearch", "BSTSearch\BSTSearch.vcxproj", "{AB96583A-D101-4DCE-8193-5F4A36F9C9B1}"
EndProject
Global
	GlobalSection(SolutionConfigurationPlatforms) = preSolution
		Debug|x64 = Debug|x64
		Debug|x86 = Debug|x86
		Release|x64 = Release|x64
		Release|x86 = Release|x86
	EndGlobalSection
	GlobalSection(ProjectConfigurationPlatforms) = postSolution
		{AB96583A-D101-4DCE-8193-5F4A36F9C9B1}.Debug|x64.ActiveCfg = Debug|x64
		{AB96583A-D101-4DCE-8193-5F4A36F9C9B1}.Debug|x64.Build.0 = Debug|x64
		{AB96583A-D101-4DCE-8193-5F4A36F9C9B1}.Debug|x86.ActiveCfg = Debug|Win32
		{AB96583A-D101-4DCE-8193-5F4A36F9C9B1}.Debug|x86.Build.0 = Debug|Win32
		{AB96583A-D101-4DCE-8193-5F4A36F9C9B1}.Release|x64.ActiveCfg = Release|x64
		{AB96583A-D101-4DCE-8193-5F4A36F9C9B1}.Release|x64.Build.0 = Release|x64
		{AB96583A-D101-4DCE-8193-5F4A36F9C9B1}.Release|x86.ActiveCfg = Release|Win32
		{AB96583A-D101-4DCE-8193-5F4A36F9C9B1}.Release|x86.Build.0 = Release|Win32
	EndGlobalSection
	GlobalSection(SolutionProperties) = preSolution
		HideSolutionNode = FALSE
	EndGlobalSection
	GlobalSection(ExtensibilityGlobals) = postSolution
		SolutionGuid = {494653B6-37B9-435C-B082-180A4C0180C1}
	EndGlobalSection
EndGlobal
